
Microsoft Visual Studio Solution File, Format Version 12.00
# Visual Studio 2015
Project("{FAE04EC0-301F-11D3-BF4B-00C04F79EFBC}") = "Skype test", "Skype test.csproj", "{6442FDA2-5EDC-DBF5-D4D5-885420106B6C}"
EndProject
Project("{FAE04EC0-301F-11D3-BF4B-00C04F79EFBC}") = "Skype test.Editor", "Skype test.Editor.csproj", "{5687366F-3262-44A5-0033-A107D01EA0FF}"
EndProject
Global
	GlobalSection(SolutionConfigurationPlatforms) = preSolution
		Debug|Any CPU = Debug|Any CPU
		Release|Any CPU = Release|Any CPU
	EndGlobalSection
	GlobalSection(ProjectConfigurationPlatforms) = postSolution
		{6442FDA2-5EDC-DBF5-D4D5-885420106B6C}.Debug|Any CPU.ActiveCfg = Debug|Any CPU
		{6442FDA2-5EDC-DBF5-D4D5-885420106B6C}.Debug|Any CPU.Build.0 = Debug|Any CPU
		{6442FDA2-5EDC-DBF5-D4D5-885420106B6C}.Release|Any CPU.ActiveCfg = Release|Any CPU
		{6442FDA2-5EDC-DBF5-D4D5-885420106B6C}.Release|Any CPU.Build.0 = Release|Any CPU
		{5687366F-3262-44A5-0033-A107D01EA0FF}.Debug|Any CPU.ActiveCfg = Debug|Any CPU
		{5687366F-3262-44A5-0033-A107D01EA0FF}.Debug|Any CPU.Build.0 = Debug|Any CPU
		{5687366F-3262-44A5-0033-A107D01EA0FF}.Release|Any CPU.ActiveCfg = Release|Any CPU
		{5687366F-3262-44A5-0033-A107D01EA0FF}.Release|Any CPU.Build.0 = Release|Any CPU
	EndGlobalSection
	GlobalSection(SolutionProperties) = preSolution
		HideSolutionNode = FALSE
	EndGlobalSection
EndGlobal
